
Microsoft Visual Studio Solution File, Format Version 12.00
# Visual Studio Version 16
VisualStudioVersion = 16.0.30717.126
MinimumVisualStudioVersion = 10.0.40219.1
Project("{FAE04EC0-301F-11D3-BF4B-00C04F79EFBC}") = "ConsoleApp8", "ConsoleApp8.csproj", "{24DF0F73-5A47-4FF9-BD4B-36BB93EA722A}"
EndProject
Global
	GlobalSection(SolutionConfigurationPlatforms) = preSolution
		Debug|Any CPU = Debug|Any CPU
		Release|Any CPU = Release|Any CPU
	EndGlobalSection
	GlobalSection(ProjectConfigurationPlatforms) = postSolution
		{24DF0F73-5A47-4FF9-BD4B-36BB93EA722A}.Debug|Any CPU.ActiveCfg = Debug|Any CPU
		{24DF0F73-5A47-4FF9-BD4B-36BB93EA722A}.Debug|Any CPU.Build.0 = Debug|Any CPU
		{24DF0F73-5A47-4FF9-BD4B-36BB93EA722A}.Release|Any CPU.ActiveCfg = Release|Any CPU
		{24DF0F73-5A47-4FF9-BD4B-36BB93EA722A}.Release|Any CPU.Build.0 = Release|Any CPU
	EndGlobalSection
	GlobalSection(SolutionProperties) = preSolution
		HideSolutionNode = FALSE
	EndGlobalSection
	GlobalSection(ExtensibilityGlobals) = postSolution
		SolutionGuid = {DB55D44D-763A-4583-A6BD-885AB5F3C2D3}
	EndGlobalSection
EndGlobal
